Microsoft Visual Studio Solution File, Format Version 12.00
# Visual Studio Version 17
VisualStudioVersion = 17.5.2.0
MinimumVisualStudioVersion = 10.0.40219.1
Project("{FAE04EC0-301F-11D3-BF4B-00C04F79EFBC}") = "TestAPIServer", "TestAPIServer\TestAPIServer.csproj", "{F332DC8F-D429-85EC-3E94-191EC9ADBDD1}"
EndProject
Global
	GlobalSection(SolutionConfigurationPlatforms) = preSolution
		Debug|Any CPU = Debug|Any CPU
		Release|Any CPU = Release|Any CPU
	EndGlobalSection
	GlobalSection(ProjectConfigurationPlatforms) = postSolution
		{F332DC8F-D429-85EC-3E94-191EC9ADBDD1}.Debug|Any CPU.ActiveCfg = Debug|Any CPU
		{F332DC8F-D429-85EC-3E94-191EC9ADBDD1}.Debug|Any CPU.Build.0 = Debug|Any CPU
		{F332DC8F-D429-85EC-3E94-191EC9ADBDD1}.Release|Any CPU.ActiveCfg = Release|Any CPU
		{F332DC8F-D429-85EC-3E94-191EC9ADBDD1}.Release|Any CPU.Build.0 = Release|Any CPU
	EndGlobalSection
	GlobalSection(SolutionProperties) = preSolution
		HideSolutionNode = FALSE
	EndGlobalSection
	GlobalSection(ExtensibilityGlobals) = postSolution
		SolutionGuid = {C76DE10A-0A20-4E6B-871F-42A6A24835A8}
	EndGlobalSection
EndGlobal
